
Microsoft Visual Studio Solution File, Format Version 12.00
# Visual Studio Version 16
VisualStudioVersion = 16.0.30225.117
MinimumVisualStudioVersion = 10.0.40219.1
Project("{FAE04EC0-301F-11D3-BF4B-00C04F79EFBC}") = "DataFromCountryAPI", "DataFromCountryAPI.csproj", "{64EC15F3-DA95-4B1F-B76C-BC2E129ACF45}"
EndProject
Global
	GlobalSection(SolutionConfigurationPlatforms) = preSolution
		Debug|Any CPU = Debug|Any CPU
		Release|Any CPU = Release|Any CPU
	EndGlobalSection
	GlobalSection(ProjectConfigurationPlatforms) = postSolution
		{64EC15F3-DA95-4B1F-B76C-BC2E129ACF45}.Debug|Any CPU.ActiveCfg = Debug|Any CPU
		{64EC15F3-DA95-4B1F-B76C-BC2E129ACF45}.Debug|Any CPU.Build.0 = Debug|Any CPU
		{64EC15F3-DA95-4B1F-B76C-BC2E129ACF45}.Release|Any CPU.ActiveCfg = Release|Any CPU
		{64EC15F3-DA95-4B1F-B76C-BC2E129ACF45}.Release|Any CPU.Build.0 = Release|Any CPU
	EndGlobalSection
	GlobalSection(SolutionProperties) = preSolution
		HideSolutionNode = FALSE
	EndGlobalSection
	GlobalSection(ExtensibilityGlobals) = postSolution
		SolutionGuid = {8837952B-AB06-4D65-B0EF-F97159131009}
	EndGlobalSection
EndGlobal
